
Microsoft Visual Studio Solution File, Format Version 12.00
# Visual Studio Version 16
VisualStudioVersion = 16.0.29020.237
MinimumVisualStudioVersion = 10.0.40219.1
Project("{9A19103F-16F7-4668-BE54-9A1E7A4F7556}") = "NET-Core-MVC", "NET-Core-MVC\NET-Core-MVC.csproj", "{D356EA10-7B88-4AB1-9733-66D51DC97126}"
EndProject
Global
	GlobalSection(SolutionConfigurationPlatforms) = preSolution
		Debug|Any CPU = Debug|Any CPU
		Release|Any CPU = Release|Any CPU
	EndGlobalSection
	GlobalSection(ProjectConfigurationPlatforms) = postSolution
		{D356EA10-7B88-4AB1-9733-66D51DC97126}.Debug|Any CPU.ActiveCfg = Debug|Any CPU
		{D356EA10-7B88-4AB1-9733-66D51DC97126}.Debug|Any CPU.Build.0 = Debug|Any CPU
		{D356EA10-7B88-4AB1-9733-66D51DC97126}.Release|Any CPU.ActiveCfg = Release|Any CPU
		{D356EA10-7B88-4AB1-9733-66D51DC97126}.Release|Any CPU.Build.0 = Release|Any CPU
	EndGlobalSection
	GlobalSection(SolutionProperties) = preSolution
		HideSolutionNode = FALSE
	EndGlobalSection
	GlobalSection(ExtensibilityGlobals) = postSolution
		SolutionGuid = {37E8CA1D-BE1E-494D-9272-02C223FB1410}
	EndGlobalSection
EndGlobal
